
Microsoft Visual Studio Solution File, Format Version 12.00
# Visual Studio 15
VisualStudioVersion = 15.0.26228.102
MinimumVisualStudioVersion = 10.0.40219.1
Project("{9A19103F-16F7-4668-BE54-9A1E7A4F7556}") = "Business", "Business\Business.csproj", "{061B89D3-D947-40BB-AAAF-D9003408D908}"
EndProject
Project("{9A19103F-16F7-4668-BE54-9A1E7A4F7556}") = "Core", "Core\Core.csproj", "{F8B652B4-D54C-4538-93F1-3D9B56DFCA32}"
EndProject
Project("{9A19103F-16F7-4668-BE54-9A1E7A4F7556}") = "DataAccess", "DataAccess\DataAccess.csproj", "{5936AAB9-EC30-4125-A83A-25547795C6BD}"
EndProject
Project("{9A19103F-16F7-4668-BE54-9A1E7A4F7556}") = "Entities", "Entities\Entities.csproj", "{8C6BC93B-FC65-4BF0-9081-A5A6EAE99B4F}"
EndProject
Project("{9A19103F-16F7-4668-BE54-9A1E7A4F7556}") = "ConsoleUI", "ConsoleUI\ConsoleUI.csproj", "{146D5F6A-EF68-4E6A-96F4-D0B75CD12127}"
EndProject
Project("{FAE04EC0-301F-11D3-BF4B-00C04F79EFBC}") = "WebAPI", "WebAPI\WebAPI.csproj", "{90B1F855-D6A6-4B5C-831B-69F70E6E93E4}"
EndProject
Global
	GlobalSection(SolutionConfigurationPlatforms) = preSolution
		Debug|Any CPU = Debug|Any CPU
		Release|Any CPU = Release|Any CPU
	EndGlobalSection
	GlobalSection(ProjectConfigurationPlatforms) = postSolution
		{061B89D3-D947-40BB-AAAF-D9003408D908}.Debug|Any CPU.ActiveCfg = Debug|Any CPU
		{061B89D3-D947-40BB-AAAF-D9003408D908}.Debug|Any CPU.Build.0 = Debug|Any CPU
		{061B89D3-D947-40BB-AAAF-D9003408D908}.Release|Any CPU.ActiveCfg = Release|Any CPU
		{061B89D3-D947-40BB-AAAF-D9003408D908}.Release|Any CPU.Build.0 = Release|Any CPU
		{F8B652B4-D54C-4538-93F1-3D9B56DFCA32}.Debug|Any CPU.ActiveCfg = Debug|Any CPU
		{F8B652B4-D54C-4538-93F1-3D9B56DFCA32}.Debug|Any CPU.Build.0 = Debug|Any CPU
		{F8B652B4-D54C-4538-93F1-3D9B56DFCA32}.Release|Any CPU.ActiveCfg = Release|Any CPU
		{F8B652B4-D54C-4538-93F1-3D9B56DFCA32}.Release|Any CPU.Build.0 = Release|Any CPU
		{5936AAB9-EC30-4125-A83A-25547795C6BD}.Debug|Any CPU.ActiveCfg = Debug|Any CPU
		{5936AAB9-EC30-4125-A83A-25547795C6BD}.Debug|Any CPU.Build.0 = Debug|Any CPU
		{5936AAB9-EC30-4125-A83A-25547795C6BD}.Release|Any CPU.ActiveCfg = Release|Any CPU
		{5936AAB9-EC30-4125-A83A-25547795C6BD}.Release|Any CPU.Build.0 = Release|Any CPU
		{8C6BC93B-FC65-4BF0-9081-A5A6EAE99B4F}.Debug|Any CPU.ActiveCfg = Debug|Any CPU
		{8C6BC93B-FC65-4BF0-9081-A5A6EAE99B4F}.Debug|Any CPU.Build.0 = Debug|Any CPU
		{8C6BC93B-FC65-4BF0-9081-A5A6EAE99B4F}.Release|Any CPU.ActiveCfg = Release|Any CPU
		{8C6BC93B-FC65-4BF0-9081-A5A6EAE99B4F}.Release|Any CPU.Build.0 = Release|Any CPU
		{146D5F6A-EF68-4E6A-96F4-D0B75CD12127}.Debug|Any CPU.ActiveCfg = Debug|Any CPU
		{146D5F6A-EF68-4E6A-96F4-D0B75CD12127}.Debug|Any CPU.Build.0 = Debug|Any CPU
		{146D5F6A-EF68-4E6A-96F4-D0B75CD12127}.Release|Any CPU.ActiveCfg = Release|Any CPU
		{146D5F6A-EF68-4E6A-96F4-D0B75CD12127}.Release|Any CPU.Build.0 = Release|Any CPU
		{90B1F855-D6A6-4B5C-831B-69F70E6E93E4}.Debug|Any CPU.ActiveCfg = Debug|Any CPU
		{90B1F855-D6A6-4B5C-831B-69F70E6E93E4}.Debug|Any CPU.Build.0 = Debug|Any CPU
		{90B1F855-D6A6-4B5C-831B-69F70E6E93E4}.Release|Any CPU.ActiveCfg = Release|Any CPU
		{90B1F855-D6A6-4B5C-831B-69F70E6E93E4}.Release|Any CPU.Build.0 = Release|Any CPU
	EndGlobalSection
	GlobalSection(SolutionProperties) = preSolution
		HideSolutionNode = FALSE
	EndGlobalSection
	GlobalSection(ExtensibilityGlobals) = postSolution
		SolutionGuid = {FB2FEBEC-A6B6-493F-BF45-413A1B274969}
	EndGlobalSection
EndGlobal
